
Microsoft Visual Studio Solution File, Format Version 12.00
# Visual Studio Version 16
VisualStudioVersion = 16.0.31605.320
MinimumVisualStudioVersion = 10.0.40219.1
Project("{2150E333-8FDC-42A3-9474-1A3956D46DE8}") = "Chapter1", "Chapter1", "{75B90FFB-8375-4E1E-9DD7-DC32D9688A69}"
EndProject
Project("{9A19103F-16F7-4668-BE54-9A1E7A4F7556}") = "Recipe2", "Chapter1\Recipe2\Recipe2.csproj", "{48B77AA8-7759-4D6C-8276-182ACE05549F}"
EndProject
Project("{9A19103F-16F7-4668-BE54-9A1E7A4F7556}") = "Recipe3", "Chapter1\Recipe3\Recipe3.csproj", "{31C5721A-96F2-40DF-948C-3F5DA2C04103}"
EndProject
Project("{9A19103F-16F7-4668-BE54-9A1E7A4F7556}") = "Recipe4", "Chapter1\Recipe4\Recipe4.csproj", "{6BC92D1D-B276-4703-9972-2E1E09B581A6}"
EndProject
Project("{9A19103F-16F7-4668-BE54-9A1E7A4F7556}") = "Recipe5", "Chapter1\Recipe5\Recipe5.csproj", "{EAF9A603-1ED4-4F05-843C-2B7F77496B68}"
EndProject
Project("{9A19103F-16F7-4668-BE54-9A1E7A4F7556}") = "Reipce6", "Chapter1\Reipce6\Reipce6.csproj", "{97FCEB0D-BFCE-47C5-B754-547C5494E1D2}"
EndProject
Project("{9A19103F-16F7-4668-BE54-9A1E7A4F7556}") = "Reipce7", "Chapter1\Reipce7\Reipce7.csproj", "{14D8478B-4B02-47A1-B6F6-EE9A69C9B0C8}"
EndProject
Project("{9A19103F-16F7-4668-BE54-9A1E7A4F7556}") = "Recipe8", "Chapter1\Recipe8\Recipe8.csproj", "{54C88749-3470-4FC7-A128-EF54736D7238}"
EndProject
Project("{9A19103F-16F7-4668-BE54-9A1E7A4F7556}") = "Recipe9", "Chapter1\Recipe9\Recipe9.csproj", "{E947012B-626D-4BDF-8231-CDA280B02557}"
EndProject
Project("{9A19103F-16F7-4668-BE54-9A1E7A4F7556}") = "Recipe10", "Chapter1\Recipe10\Recipe10.csproj", "{DE6A5701-15A3-4574-A41C-0B4CB8EAC915}"
EndProject
Project("{9A19103F-16F7-4668-BE54-9A1E7A4F7556}") = "Recipe11", "Chapter1\Recipe11\Recipe11.csproj", "{6DAED821-B6A8-466C-9572-59FDF6DF4DAB}"
EndProject
Project("{2150E333-8FDC-42A3-9474-1A3956D46DE8}") = "Chapter2", "Chapter2", "{5B5FEF36-F64F-4282-9E9E-A4026D8CE62D}"
EndProject
Project("{9A19103F-16F7-4668-BE54-9A1E7A4F7556}") = "Recipe1", "Chapter2\Recipe1\Recipe1.csproj", "{356C4FD4-5C9C-4591-8D8E-524342801676}"
EndProject
Project("{9A19103F-16F7-4668-BE54-9A1E7A4F7556}") = "Recipe2", "Chapter2\Recipe2\Recipe2.csproj", "{5FF1EDEA-79DC-433B-9374-F4EB6B946EC2}"
EndProject
Project("{9A19103F-16F7-4668-BE54-9A1E7A4F7556}") = "Recipe3", "Chapter2\Recipe3\Recipe3.csproj", "{05182BC9-2176-4342-9D1C-7001A730D887}"
EndProject
Project("{9A19103F-16F7-4668-BE54-9A1E7A4F7556}") = "Recipe4", "Chapter2\Recipe4\Recipe4.csproj", "{DC690D53-6019-4998-A8ED-3722C651A1E3}"
EndProject
Project("{9A19103F-16F7-4668-BE54-9A1E7A4F7556}") = "Recipe5", "Chapter2\Recipe5\Recipe5.csproj", "{595BE5BE-5815-4438-AC0A-85BE8C80DE1D}"
EndProject
Project("{FAE04EC0-301F-11D3-BF4B-00C04F79EFBC}") = "Recipe6", "Chapter2\Recipe6\Recipe6.csproj", "{F7C0ADFB-91C0-4515-ACE6-3A8F93B9C0DA}"
EndProject
Project("{FAE04EC0-301F-11D3-BF4B-00C04F79EFBC}") = "Recipe7", "Chapter2\Recipe7\Recipe7.csproj", "{CE6E1874-F13F-4887-A0BD-55B1479CEC6D}"
EndProject
Project("{FAE04EC0-301F-11D3-BF4B-00C04F79EFBC}") = "Recipe8", "Chapter2\Recipe8\Recipe8.csproj", "{A23A81E5-3749-4751-B2AF-BDFFD7FBC6C0}"
EndProject
Project("{FAE04EC0-301F-11D3-BF4B-00C04F79EFBC}") = "Recipe9", "Chapter2\Recipe9\Recipe9.csproj", "{60288D99-A481-4333-92A9-EFC5640BF7A9}"
EndProject
Project("{2150E333-8FDC-42A3-9474-1A3956D46DE8}") = "Chapter3", "Chapter3", "{8ED20F2C-5FF7-4156-9EE0-C6C591099975}"
EndProject
Project("{FAE04EC0-301F-11D3-BF4B-00C04F79EFBC}") = "Recipe1", "Chapter3\Recipe1\Recipe1.csproj", "{20EDEE55-CA3A-4C63-B740-16AF1536460F}"
EndProject
Project("{FAE04EC0-301F-11D3-BF4B-00C04F79EFBC}") = "ThreadPractice", "ThreadPractice\ThreadPractice.csproj", "{7379BB9D-95C3-44F2-802A-8759F8F29A35}"
EndProject
Project("{FAE04EC0-301F-11D3-BF4B-00C04F79EFBC}") = "Reipce2", "Chapter3\Reipce2\Reipce2.csproj", "{A8099B21-31EB-429B-97B7-425AFD0583F3}"
EndProject
Project("{FAE04EC0-301F-11D3-BF4B-00C04F79EFBC}") = "Recipe3", "Chapter3\Recipe3\Recipe3.csproj", "{2A7AC094-5E41-4D00-98FB-D9CE7BD05586}"
EndProject
Project("{FAE04EC0-301F-11D3-BF4B-00C04F79EFBC}") = "TestProject", "TestProject\TestProject.csproj", "{8E84DCA4-FD75-4ECB-A468-2CC087991BED}"
EndProject
Project("{FAE04EC0-301F-11D3-BF4B-00C04F79EFBC}") = "Recipe4", "Chapter3\Recipe4\Recipe4.csproj", "{C5AF97FF-50C3-4173-9286-4142B6A66CAB}"
EndProject
Project("{FAE04EC0-301F-11D3-BF4B-00C04F79EFBC}") = "Recipe5", "Chapter3\Recipe5\Recipe5.csproj", "{0EDBF0FD-4FE0-41DF-B36C-EEF5486D74F7}"
EndProject
Project("{FAE04EC0-301F-11D3-BF4B-00C04F79EFBC}") = "Recipe6", "Chapter3\Recipe6\Recipe6.csproj", "{5A068020-6323-40D4-91F8-FC681173A11D}"
EndProject
Project("{FAE04EC0-301F-11D3-BF4B-00C04F79EFBC}") = "Recipe7", "Chapter3\Recipe7\Recipe7.csproj", "{9BECECFD-47B5-4303-83AB-81860B075D6D}"
EndProject
Global
	GlobalSection(SolutionConfigurationPlatforms) = preSolution
		Debug|Any CPU = Debug|Any CPU
		Release|Any CPU = Release|Any CPU
	EndGlobalSection
	GlobalSection(ProjectConfigurationPlatforms) = postSolution
		{48B77AA8-7759-4D6C-8276-182ACE05549F}.Debug|Any CPU.ActiveCfg = Debug|Any CPU
		{48B77AA8-7759-4D6C-8276-182ACE05549F}.Debug|Any CPU.Build.0 = Debug|Any CPU
		{48B77AA8-7759-4D6C-8276-182ACE05549F}.Release|Any CPU.ActiveCfg = Release|Any CPU
		{48B77AA8-7759-4D6C-8276-182ACE05549F}.Release|Any CPU.Build.0 = Release|Any CPU
		{31C5721A-96F2-40DF-948C-3F5DA2C04103}.Debug|Any CPU.ActiveCfg = Debug|Any CPU
		{31C5721A-96F2-40DF-948C-3F5DA2C04103}.Debug|Any CPU.Build.0 = Debug|Any CPU
		{31C5721A-96F2-40DF-948C-3F5DA2C04103}.Release|Any CPU.ActiveCfg = Release|Any CPU
		{31C5721A-96F2-40DF-948C-3F5DA2C04103}.Release|Any CPU.Build.0 = Release|Any CPU
		{6BC92D1D-B276-4703-9972-2E1E09B581A6}.Debug|Any CPU.ActiveCfg = Debug|Any CPU
		{6BC92D1D-B276-4703-9972-2E1E09B581A6}.Debug|Any CPU.Build.0 = Debug|Any CPU
		{6BC92D1D-B276-4703-9972-2E1E09B581A6}.Release|Any CPU.ActiveCfg = Release|Any CPU
		{6BC92D1D-B276-4703-9972-2E1E09B581A6}.Release|Any CPU.Build.0 = Release|Any CPU
		{EAF9A603-1ED4-4F05-843C-2B7F77496B68}.Debug|Any CPU.ActiveCfg = Debug|Any CPU
		{EAF9A603-1ED4-4F05-843C-2B7F77496B68}.Debug|Any CPU.Build.0 = Debug|Any CPU
		{EAF9A603-1ED4-4F05-843C-2B7F77496B68}.Release|Any CPU.ActiveCfg = Release|Any CPU
		{EAF9A603-1ED4-4F05-843C-2B7F77496B68}.Release|Any CPU.Build.0 = Release|Any CPU
		{97FCEB0D-BFCE-47C5-B754-547C5494E1D2}.Debug|Any CPU.ActiveCfg = Debug|Any CPU
		{97FCEB0D-BFCE-47C5-B754-547C5494E1D2}.Debug|Any CPU.Build.0 = Debug|Any CPU
		{97FCEB0D-BFCE-47C5-B754-547C5494E1D2}.Release|Any CPU.ActiveCfg = Release|Any CPU
		{97FCEB0D-BFCE-47C5-B754-547C5494E1D2}.Release|Any CPU.Build.0 = Release|Any CPU
		{14D8478B-4B02-47A1-B6F6-EE9A69C9B0C8}.Debug|Any CPU.ActiveCfg = Debug|Any CPU
		{14D8478B-4B02-47A1-B6F6-EE9A69C9B0C8}.Debug|Any CPU.Build.0 = Debug|Any CPU
		{14D8478B-4B02-47A1-B6F6-EE9A69C9B0C8}.Release|Any CPU.ActiveCfg = Release|Any CPU
		{14D8478B-4B02-47A1-B6F6-EE9A69C9B0C8}.Release|Any CPU.Build.0 = Release|Any CPU
		{54C88749-3470-4FC7-A128-EF54736D7238}.Debug|Any CPU.ActiveCfg = Debug|Any CPU
		{54C88749-3470-4FC7-A128-EF54736D7238}.Debug|Any CPU.Build.0 = Debug|Any CPU
		{54C88749-3470-4FC7-A128-EF54736D7238}.Release|Any CPU.ActiveCfg = Release|Any CPU
		{54C88749-3470-4FC7-A128-EF54736D7238}.Release|Any CPU.Build.0 = Release|Any CPU
		{E947012B-626D-4BDF-8231-CDA280B02557}.Debug|Any CPU.ActiveCfg = Debug|Any CPU
		{E947012B-626D-4BDF-8231-CDA280B02557}.Debug|Any CPU.Build.0 = Debug|Any CPU
		{E947012B-626D-4BDF-8231-CDA280B02557}.Release|Any CPU.ActiveCfg = Release|Any CPU
		{E947012B-626D-4BDF-8231-CDA280B02557}.Release|Any CPU.Build.0 = Release|Any CPU
		{DE6A5701-15A3-4574-A41C-0B4CB8EAC915}.Debug|Any CPU.ActiveCfg = Debug|Any CPU
		{DE6A5701-15A3-4574-A41C-0B4CB8EAC915}.Debug|Any CPU.Build.0 = Debug|Any CPU
		{DE6A5701-15A3-4574-A41C-0B4CB8EAC915}.Release|Any CPU.ActiveCfg = Release|Any CPU
		{DE6A5701-15A3-4574-A41C-0B4CB8EAC915}.Release|Any CPU.Build.0 = Release|Any CPU
		{6DAED821-B6A8-466C-9572-59FDF6DF4DAB}.Debug|Any CPU.ActiveCfg = Debug|Any CPU
		{6DAED821-B6A8-466C-9572-59FDF6DF4DAB}.Debug|Any CPU.Build.0 = Debug|Any CPU
		{6DAED821-B6A8-466C-9572-59FDF6DF4DAB}.Release|Any CPU.ActiveCfg = Release|Any CPU
		{6DAED821-B6A8-466C-9572-59FDF6DF4DAB}.Release|Any CPU.Build.0 = Release|Any CPU
		{356C4FD4-5C9C-4591-8D8E-524342801676}.Debug|Any CPU.ActiveCfg = Debug|Any CPU
		{356C4FD4-5C9C-4591-8D8E-524342801676}.Debug|Any CPU.Build.0 = Debug|Any CPU
		{356C4FD4-5C9C-4591-8D8E-524342801676}.Release|Any CPU.ActiveCfg = Release|Any CPU
		{356C4FD4-5C9C-4591-8D8E-524342801676}.Release|Any CPU.Build.0 = Release|Any CPU
		{5FF1EDEA-79DC-433B-9374-F4EB6B946EC2}.Debug|Any CPU.ActiveCfg = Debug|Any CPU
		{5FF1EDEA-79DC-433B-9374-F4EB6B946EC2}.Debug|Any CPU.Build.0 = Debug|Any CPU
		{5FF1EDEA-79DC-433B-9374-F4EB6B946EC2}.Release|Any CPU.ActiveCfg = Release|Any CPU
		{5FF1EDEA-79DC-433B-9374-F4EB6B946EC2}.Release|Any CPU.Build.0 = Release|Any CPU
		{05182BC9-2176-4342-9D1C-7001A730D887}.Debug|Any CPU.ActiveCfg = Debug|Any CPU
		{05182BC9-2176-4342-9D1C-7001A730D887}.Debug|Any CPU.Build.0 = Debug|Any CPU
		{05182BC9-2176-4342-9D1C-7001A730D887}.Release|Any CPU.ActiveCfg = Release|Any CPU
		{05182BC9-2176-4342-9D1C-7001A730D887}.Release|Any CPU.Build.0 = Release|Any CPU
		{DC690D53-6019-4998-A8ED-3722C651A1E3}.Debug|Any CPU.ActiveCfg = Debug|Any CPU
		{DC690D53-6019-4998-A8ED-3722C651A1E3}.Debug|Any CPU.Build.0 = Debug|Any CPU
		{DC690D53-6019-4998-A8ED-3722C651A1E3}.Release|Any CPU.ActiveCfg = Release|Any CPU
		{DC690D53-6019-4998-A8ED-3722C651A1E3}.Release|Any CPU.Build.0 = Release|Any CPU
		{595BE5BE-5815-4438-AC0A-85BE8C80DE1D}.Debug|Any CPU.ActiveCfg = Debug|Any CPU
		{595BE5BE-5815-4438-AC0A-85BE8C80DE1D}.Debug|Any CPU.Build.0 = Debug|Any CPU
		{595BE5BE-5815-4438-AC0A-85BE8C80DE1D}.Release|Any CPU.ActiveCfg = Release|Any CPU
		{595BE5BE-5815-4438-AC0A-85BE8C80DE1D}.Release|Any CPU.Build.0 = Release|Any CPU
		{F7C0ADFB-91C0-4515-ACE6-3A8F93B9C0DA}.Debug|Any CPU.ActiveCfg = Debug|Any CPU
		{F7C0ADFB-91C0-4515-ACE6-3A8F93B9C0DA}.Debug|Any CPU.Build.0 = Debug|Any CPU
		{F7C0ADFB-91C0-4515-ACE6-3A8F93B9C0DA}.Release|Any CPU.ActiveCfg = Release|Any CPU
		{F7C0ADFB-91C0-4515-ACE6-3A8F93B9C0DA}.Release|Any CPU.Build.0 = Release|Any CPU
		{CE6E1874-F13F-4887-A0BD-55B1479CEC6D}.Debug|Any CPU.ActiveCfg = Debug|Any CPU
		{CE6E1874-F13F-4887-A0BD-55B1479CEC6D}.Debug|Any CPU.Build.0 = Debug|Any CPU
		{CE6E1874-F13F-4887-A0BD-55B1479CEC6D}.Release|Any CPU.ActiveCfg = Release|Any CPU
		{CE6E1874-F13F-4887-A0BD-55B1479CEC6D}.Release|Any CPU.Build.0 = Release|Any CPU
		{A23A81E5-3749-4751-B2AF-BDFFD7FBC6C0}.Debug|Any CPU.ActiveCfg = Debug|Any CPU
		{A23A81E5-3749-4751-B2AF-BDFFD7FBC6C0}.Debug|Any CPU.Build.0 = Debug|Any CPU
		{A23A81E5-3749-4751-B2AF-BDFFD7FBC6C0}.Release|Any CPU.ActiveCfg = Release|Any CPU
		{A23A81E5-3749-4751-B2AF-BDFFD7FBC6C0}.Release|Any CPU.Build.0 = Release|Any CPU
		{60288D99-A481-4333-92A9-EFC5640BF7A9}.Debug|Any CPU.ActiveCfg = Debug|Any CPU
		{60288D99-A481-4333-92A9-EFC5640BF7A9}.Debug|Any CPU.Build.0 = Debug|Any CPU
		{60288D99-A481-4333-92A9-EFC5640BF7A9}.Release|Any CPU.ActiveCfg = Release|Any CPU
		{60288D99-A481-4333-92A9-EFC5640BF7A9}.Release|Any CPU.Build.0 = Release|Any CPU
		{20EDEE55-CA3A-4C63-B740-16AF1536460F}.Debug|Any CPU.ActiveCfg = Debug|Any CPU
		{20EDEE55-CA3A-4C63-B740-16AF1536460F}.Debug|Any CPU.Build.0 = Debug|Any CPU
		{20EDEE55-CA3A-4C63-B740-16AF1536460F}.Release|Any CPU.ActiveCfg = Release|Any CPU
		{20EDEE55-CA3A-4C63-B740-16AF1536460F}.Release|Any CPU.Build.0 = Release|Any CPU
		{7379BB9D-95C3-44F2-802A-8759F8F29A35}.Debug|Any CPU.ActiveCfg = Debug|Any CPU
		{7379BB9D-95C3-44F2-802A-8759F8F29A35}.Debug|Any CPU.Build.0 = Debug|Any CPU
		{7379BB9D-95C3-44F2-802A-8759F8F29A35}.Release|Any CPU.ActiveCfg = Release|Any CPU
		{7379BB9D-95C3-44F2-802A-8759F8F29A35}.Release|Any CPU.Build.0 = Release|Any CPU
		{A8099B21-31EB-429B-97B7-425AFD0583F3}.Debug|Any CPU.ActiveCfg = Debug|Any CPU
		{A8099B21-31EB-429B-97B7-425AFD0583F3}.Debug|Any CPU.Build.0 = Debug|Any CPU
		{A8099B21-31EB-429B-97B7-425AFD0583F3}.Release|Any CPU.ActiveCfg = Release|Any CPU
		{A8099B21-31EB-429B-97B7-425AFD0583F3}.Release|Any CPU.Build.0 = Release|Any CPU
		{2A7AC094-5E41-4D00-98FB-D9CE7BD05586}.Debug|Any CPU.ActiveCfg = Debug|Any CPU
		{2A7AC094-5E41-4D00-98FB-D9CE7BD05586}.Debug|Any CPU.Build.0 = Debug|Any CPU
		{2A7AC094-5E41-4D00-98FB-D9CE7BD05586}.Release|Any CPU.ActiveCfg = Release|Any CPU
		{2A7AC094-5E41-4D00-98FB-D9CE7BD05586}.Release|Any CPU.Build.0 = Release|Any CPU
		{8E84DCA4-FD75-4ECB-A468-2CC087991BED}.Debug|Any CPU.ActiveCfg = Debug|Any CPU
		{8E84DCA4-FD75-4ECB-A468-2CC087991BED}.Debug|Any CPU.Build.0 = Debug|Any CPU
		{8E84DCA4-FD75-4ECB-A468-2CC087991BED}.Release|Any CPU.ActiveCfg = Release|Any CPU
		{8E84DCA4-FD75-4ECB-A468-2CC087991BED}.Release|Any CPU.Build.0 = Release|Any CPU
		{C5AF97FF-50C3-4173-9286-4142B6A66CAB}.Debug|Any CPU.ActiveCfg = Debug|Any CPU
		{C5AF97FF-50C3-4173-9286-4142B6A66CAB}.Debug|Any CPU.Build.0 = Debug|Any CPU
		{C5AF97FF-50C3-4173-9286-4142B6A66CAB}.Release|Any CPU.ActiveCfg = Release|Any CPU
		{C5AF97FF-50C3-4173-9286-4142B6A66CAB}.Release|Any CPU.Build.0 = Release|Any CPU
		{0EDBF0FD-4FE0-41DF-B36C-EEF5486D74F7}.Debug|Any CPU.ActiveCfg = Debug|Any CPU
		{0EDBF0FD-4FE0-41DF-B36C-EEF5486D74F7}.Debug|Any CPU.Build.0 = Debug|Any CPU
		{0EDBF0FD-4FE0-41DF-B36C-EEF5486D74F7}.Release|Any CPU.ActiveCfg = Release|Any CPU
		{0EDBF0FD-4FE0-41DF-B36C-EEF5486D74F7}.Release|Any CPU.Build.0 = Release|Any CPU
		{5A068020-6323-40D4-91F8-FC681173A11D}.Debug|Any CPU.ActiveCfg = Debug|Any CPU
		{5A068020-6323-40D4-91F8-FC681173A11D}.Debug|Any CPU.Build.0 = Debug|Any CPU
		{5A068020-6323-40D4-91F8-FC681173A11D}.Release|Any CPU.ActiveCfg = Release|Any CPU
		{5A068020-6323-40D4-91F8-FC681173A11D}.Release|Any CPU.Build.0 = Release|Any CPU
		{9BECECFD-47B5-4303-83AB-81860B075D6D}.Debug|Any CPU.ActiveCfg = Debug|Any CPU
		{9BECECFD-47B5-4303-83AB-81860B075D6D}.Debug|Any CPU.Build.0 = Debug|Any CPU
		{9BECECFD-47B5-4303-83AB-81860B075D6D}.Release|Any CPU.ActiveCfg = Release|Any CPU
		{9BECECFD-47B5-4303-83AB-81860B075D6D}.Release|Any CPU.Build.0 = Release|Any CPU
	EndGlobalSection
	GlobalSection(SolutionProperties) = preSolution
		HideSolutionNode = FALSE
	EndGlobalSection
	GlobalSection(NestedProjects) = preSolution
		{48B77AA8-7759-4D6C-8276-182ACE05549F} = {75B90FFB-8375-4E1E-9DD7-DC32D9688A69}
		{31C5721A-96F2-40DF-948C-3F5DA2C04103} = {75B90FFB-8375-4E1E-9DD7-DC32D9688A69}
		{6BC92D1D-B276-4703-9972-2E1E09B581A6} = {75B90FFB-8375-4E1E-9DD7-DC32D9688A69}
		{EAF9A603-1ED4-4F05-843C-2B7F77496B68} = {75B90FFB-8375-4E1E-9DD7-DC32D9688A69}
		{97FCEB0D-BFCE-47C5-B754-547C5494E1D2} = {75B90FFB-8375-4E1E-9DD7-DC32D9688A69}
		{14D8478B-4B02-47A1-B6F6-EE9A69C9B0C8} = {75B90FFB-8375-4E1E-9DD7-DC32D9688A69}
		{54C88749-3470-4FC7-A128-EF54736D7238} = {75B90FFB-8375-4E1E-9DD7-DC32D9688A69}
		{E947012B-626D-4BDF-8231-CDA280B02557} = {75B90FFB-8375-4E1E-9DD7-DC32D9688A69}
		{DE6A5701-15A3-4574-A41C-0B4CB8EAC915} = {75B90FFB-8375-4E1E-9DD7-DC32D9688A69}
		{6DAED821-B6A8-466C-9572-59FDF6DF4DAB} = {75B90FFB-8375-4E1E-9DD7-DC32D9688A69}
		{356C4FD4-5C9C-4591-8D8E-524342801676} = {5B5FEF36-F64F-4282-9E9E-A4026D8CE62D}
		{5FF1EDEA-79DC-433B-9374-F4EB6B946EC2} = {5B5FEF36-F64F-4282-9E9E-A4026D8CE62D}
		{05182BC9-2176-4342-9D1C-7001A730D887} = {5B5FEF36-F64F-4282-9E9E-A4026D8CE62D}
		{DC690D53-6019-4998-A8ED-3722C651A1E3} = {5B5FEF36-F64F-4282-9E9E-A4026D8CE62D}
		{595BE5BE-5815-4438-AC0A-85BE8C80DE1D} = {5B5FEF36-F64F-4282-9E9E-A4026D8CE62D}
		{F7C0ADFB-91C0-4515-ACE6-3A8F93B9C0DA} = {5B5FEF36-F64F-4282-9E9E-A4026D8CE62D}
		{CE6E1874-F13F-4887-A0BD-55B1479CEC6D} = {5B5FEF36-F64F-4282-9E9E-A4026D8CE62D}
		{A23A81E5-3749-4751-B2AF-BDFFD7FBC6C0} = {5B5FEF36-F64F-4282-9E9E-A4026D8CE62D}
		{60288D99-A481-4333-92A9-EFC5640BF7A9} = {5B5FEF36-F64F-4282-9E9E-A4026D8CE62D}
		{20EDEE55-CA3A-4C63-B740-16AF1536460F} = {8ED20F2C-5FF7-4156-9EE0-C6C591099975}
		{A8099B21-31EB-429B-97B7-425AFD0583F3} = {8ED20F2C-5FF7-4156-9EE0-C6C591099975}
		{2A7AC094-5E41-4D00-98FB-D9CE7BD05586} = {8ED20F2C-5FF7-4156-9EE0-C6C591099975}
		{C5AF97FF-50C3-4173-9286-4142B6A66CAB} = {8ED20F2C-5FF7-4156-9EE0-C6C591099975}
		{0EDBF0FD-4FE0-41DF-B36C-EEF5486D74F7} = {8ED20F2C-5FF7-4156-9EE0-C6C591099975}
		{5A068020-6323-40D4-91F8-FC681173A11D} = {8ED20F2C-5FF7-4156-9EE0-C6C591099975}
		{9BECECFD-47B5-4303-83AB-81860B075D6D} = {8ED20F2C-5FF7-4156-9EE0-C6C591099975}
	EndGlobalSection
	GlobalSection(ExtensibilityGlobals) = postSolution
		SolutionGuid = {997D4C06-338E-4BBD-A132-8CFFD143A255}
	EndGlobalSection
EndGlobal
