
Microsoft Visual Studio Solution File, Format Version 12.00
# Visual Studio Version 16
VisualStudioVersion = 16.0.31605.320
MinimumVisualStudioVersion = 10.0.40219.1
Project("{2150E333-8FDC-42A3-9474-1A3956D46DE8}") = "Chapter1", "Chapter1", "{75B90FFB-8375-4E1E-9DD7-DC32D9688A69}"
EndProject
Project("{9A19103F-16F7-4668-BE54-9A1E7A4F7556}") = "Recipe2", "Chapter1\Recipe2\Recipe2.csproj", "{48B77AA8-7759-4D6C-8276-182ACE05549F}"
EndProject
Project("{9A19103F-16F7-4668-BE54-9A1E7A4F7556}") = "Recipe3", "Chapter1\Recipe3\Recipe3.csproj", "{31C5721A-96F2-40DF-948C-3F5DA2C04103}"
EndProject
Project("{9A19103F-16F7-4668-BE54-9A1E7A4F7556}") = "Recipe4", "Chapter1\Recipe4\Recipe4.csproj", "{6BC92D1D-B276-4703-9972-2E1E09B581A6}"
EndProject
Project("{9A19103F-16F7-4668-BE54-9A1E7A4F7556}") = "Recipe5", "Chapter1\Recipe5\Recipe5.csproj", "{EAF9A603-1ED4-4F05-843C-2B7F77496B68}"
EndProject
Project("{9A19103F-16F7-4668-BE54-9A1E7A4F7556}") = "Reipce6", "Chapter1\Reipce6\Reipce6.csproj", "{97FCEB0D-BFCE-47C5-B754-547C5494E1D2}"
EndProject
Project("{9A19103F-16F7-4668-BE54-9A1E7A4F7556}") = "Reipce7", "Chapter1\Reipce7\Reipce7.csproj", "{14D8478B-4B02-47A1-B6F6-EE9A69C9B0C8}"
EndProject
Project("{9A19103F-16F7-4668-BE54-9A1E7A4F7556}") = "Recipe8", "Chapter1\Recipe8\Recipe8.csproj", "{54C88749-3470-4FC7-A128-EF54736D7238}"
EndProject
Project("{9A19103F-16F7-4668-BE54-9A1E7A4F7556}") = "Recipe9", "Chapter1\Recipe9\Recipe9.csproj", "{E947012B-626D-4BDF-8231-CDA280B02557}"
EndProject
Project("{9A19103F-16F7-4668-BE54-9A1E7A4F7556}") = "Recipe10", "Chapter1\Recipe10\Recipe10.csproj", "{DE6A5701-15A3-4574-A41C-0B4CB8EAC915}"
EndProject
Project("{9A19103F-16F7-4668-BE54-9A1E7A4F7556}") = "Recipe11", "Chapter1\Recipe11\Recipe11.csproj", "{6DAED821-B6A8-466C-9572-59FDF6DF4DAB}"
EndProject
Project("{2150E333-8FDC-42A3-9474-1A3956D46DE8}") = "Chapter2", "Chapter2", "{5B5FEF36-F64F-4282-9E9E-A4026D8CE62D}"
EndProject
Project("{9A19103F-16F7-4668-BE54-9A1E7A4F7556}") = "Recipe1", "Chapter2\Recipe1\Recipe1.csproj", "{356C4FD4-5C9C-4591-8D8E-524342801676}"
EndProject
Project("{FAE04EC0-301F-11D3-BF4B-00C04F79EFBC}") = "Recipe2", "Chapter2\Recipe2\Recipe2.csproj", "{5FF1EDEA-79DC-433B-9374-F4EB6B946EC2}"
EndProject
Project("{FAE04EC0-301F-11D3-BF4B-00C04F79EFBC}") = "Recipe3", "Chapter2\Recipe3\Recipe3.csproj", "{05182BC9-2176-4342-9D1C-7001A730D887}"
EndProject
Project("{FAE04EC0-301F-11D3-BF4B-00C04F79EFBC}") = "Recipe4", "Chapter2\Recipe4\Recipe4.csproj", "{DC690D53-6019-4998-A8ED-3722C651A1E3}"
EndProject
Project("{FAE04EC0-301F-11D3-BF4B-00C04F79EFBC}") = "Recipe5", "Chapter2\Recipe5\Recipe5.csproj", "{595BE5BE-5815-4438-AC0A-85BE8C80DE1D}"
EndProject
Global
	GlobalSection(SolutionConfigurationPlatforms) = preSolution
		Debug|Any CPU = Debug|Any CPU
		Release|Any CPU = Release|Any CPU
	EndGlobalSection
	GlobalSection(ProjectConfigurationPlatforms) = postSolution
		{48B77AA8-7759-4D6C-8276-182ACE05549F}.Debug|Any CPU.ActiveCfg = Debug|Any CPU
		{48B77AA8-7759-4D6C-8276-182ACE05549F}.Debug|Any CPU.Build.0 = Debug|Any CPU
		{48B77AA8-7759-4D6C-8276-182ACE05549F}.Release|Any CPU.ActiveCfg = Release|Any CPU
		{48B77AA8-7759-4D6C-8276-182ACE05549F}.Release|Any CPU.Build.0 = Release|Any CPU
		{31C5721A-96F2-40DF-948C-3F5DA2C04103}.Debug|Any CPU.ActiveCfg = Debug|Any CPU
		{31C5721A-96F2-40DF-948C-3F5DA2C04103}.Debug|Any CPU.Build.0 = Debug|Any CPU
		{31C5721A-96F2-40DF-948C-3F5DA2C04103}.Release|Any CPU.ActiveCfg = Release|Any CPU
		{31C5721A-96F2-40DF-948C-3F5DA2C04103}.Release|Any CPU.Build.0 = Release|Any CPU
		{6BC92D1D-B276-4703-9972-2E1E09B581A6}.Debug|Any CPU.ActiveCfg = Debug|Any CPU
		{6BC92D1D-B276-4703-9972-2E1E09B581A6}.Debug|Any CPU.Build.0 = Debug|Any CPU
		{6BC92D1D-B276-4703-9972-2E1E09B581A6}.Release|Any CPU.ActiveCfg = Release|Any CPU
		{6BC92D1D-B276-4703-9972-2E1E09B581A6}.Release|Any CPU.Build.0 = Release|Any CPU
		{EAF9A603-1ED4-4F05-843C-2B7F77496B68}.Debug|Any CPU.ActiveCfg = Debug|Any CPU
		{EAF9A603-1ED4-4F05-843C-2B7F77496B68}.Debug|Any CPU.Build.0 = Debug|Any CPU
		{EAF9A603-1ED4-4F05-843C-2B7F77496B68}.Release|Any CPU.ActiveCfg = Release|Any CPU
		{EAF9A603-1ED4-4F05-843C-2B7F77496B68}.Release|Any CPU.Build.0 = Release|Any CPU
		{97FCEB0D-BFCE-47C5-B754-547C5494E1D2}.Debug|Any CPU.ActiveCfg = Debug|Any CPU
		{97FCEB0D-BFCE-47C5-B754-547C5494E1D2}.Debug|Any CPU.Build.0 = Debug|Any CPU
		{97FCEB0D-BFCE-47C5-B754-547C5494E1D2}.Release|Any CPU.ActiveCfg = Release|Any CPU
		{97FCEB0D-BFCE-47C5-B754-547C5494E1D2}.Release|Any CPU.Build.0 = Release|Any CPU
		{14D8478B-4B02-47A1-B6F6-EE9A69C9B0C8}.Debug|Any CPU.ActiveCfg = Debug|Any CPU
		{14D8478B-4B02-47A1-B6F6-EE9A69C9B0C8}.Debug|Any CPU.Build.0 = Debug|Any CPU
		{14D8478B-4B02-47A1-B6F6-EE9A69C9B0C8}.Release|Any CPU.ActiveCfg = Release|Any CPU
		{14D8478B-4B02-47A1-B6F6-EE9A69C9B0C8}.Release|Any CPU.Build.0 = Release|Any CPU
		{54C88749-3470-4FC7-A128-EF54736D7238}.Debug|Any CPU.ActiveCfg = Debug|Any CPU
		{54C88749-3470-4FC7-A128-EF54736D7238}.Debug|Any CPU.Build.0 = Debug|Any CPU
		{54C88749-3470-4FC7-A128-EF54736D7238}.Release|Any CPU.ActiveCfg = Release|Any CPU
		{54C88749-3470-4FC7-A128-EF54736D7238}.Release|Any CPU.Build.0 = Release|Any CPU
		{E947012B-626D-4BDF-8231-CDA280B02557}.Debug|Any CPU.ActiveCfg = Debug|Any CPU
		{E947012B-626D-4BDF-8231-CDA280B02557}.Debug|Any CPU.Build.0 = Debug|Any CPU
		{E947012B-626D-4BDF-8231-CDA280B02557}.Release|Any CPU.ActiveCfg = Release|Any CPU
		{E947012B-626D-4BDF-8231-CDA280B02557}.Release|Any CPU.Build.0 = Release|Any CPU
		{DE6A5701-15A3-4574-A41C-0B4CB8EAC915}.Debug|Any CPU.ActiveCfg = Debug|Any CPU
		{DE6A5701-15A3-4574-A41C-0B4CB8EAC915}.Debug|Any CPU.Build.0 = Debug|Any CPU
		{DE6A5701-15A3-4574-A41C-0B4CB8EAC915}.Release|Any CPU.ActiveCfg = Release|Any CPU
		{DE6A5701-15A3-4574-A41C-0B4CB8EAC915}.Release|Any CPU.Build.0 = Release|Any CPU
		{6DAED821-B6A8-466C-9572-59FDF6DF4DAB}.Debug|Any CPU.ActiveCfg = Debug|Any CPU
		{6DAED821-B6A8-466C-9572-59FDF6DF4DAB}.Debug|Any CPU.Build.0 = Debug|Any CPU
		{6DAED821-B6A8-466C-9572-59FDF6DF4DAB}.Release|Any CPU.ActiveCfg = Release|Any CPU
		{6DAED821-B6A8-466C-9572-59FDF6DF4DAB}.Release|Any CPU.Build.0 = Release|Any CPU
		{356C4FD4-5C9C-4591-8D8E-524342801676}.Debug|Any CPU.ActiveCfg = Debug|Any CPU
		{356C4FD4-5C9C-4591-8D8E-524342801676}.Debug|Any CPU.Build.0 = Debug|Any CPU
		{356C4FD4-5C9C-4591-8D8E-524342801676}.Release|Any CPU.ActiveCfg = Release|Any CPU
		{356C4FD4-5C9C-4591-8D8E-524342801676}.Release|Any CPU.Build.0 = Release|Any CPU
		{5FF1EDEA-79DC-433B-9374-F4EB6B946EC2}.Debug|Any CPU.ActiveCfg = Debug|Any CPU
		{5FF1EDEA-79DC-433B-9374-F4EB6B946EC2}.Debug|Any CPU.Build.0 = Debug|Any CPU
		{5FF1EDEA-79DC-433B-9374-F4EB6B946EC2}.Release|Any CPU.ActiveCfg = Release|Any CPU
		{5FF1EDEA-79DC-433B-9374-F4EB6B946EC2}.Release|Any CPU.Build.0 = Release|Any CPU
		{05182BC9-2176-4342-9D1C-7001A730D887}.Debug|Any CPU.ActiveCfg = Debug|Any CPU
		{05182BC9-2176-4342-9D1C-7001A730D887}.Debug|Any CPU.Build.0 = Debug|Any CPU
		{05182BC9-2176-4342-9D1C-7001A730D887}.Release|Any CPU.ActiveCfg = Release|Any CPU
		{05182BC9-2176-4342-9D1C-7001A730D887}.Release|Any CPU.Build.0 = Release|Any CPU
		{DC690D53-6019-4998-A8ED-3722C651A1E3}.Debug|Any CPU.ActiveCfg = Debug|Any CPU
		{DC690D53-6019-4998-A8ED-3722C651A1E3}.Debug|Any CPU.Build.0 = Debug|Any CPU
		{DC690D53-6019-4998-A8ED-3722C651A1E3}.Release|Any CPU.ActiveCfg = Release|Any CPU
		{DC690D53-6019-4998-A8ED-3722C651A1E3}.Release|Any CPU.Build.0 = Release|Any CPU
		{595BE5BE-5815-4438-AC0A-85BE8C80DE1D}.Debug|Any CPU.ActiveCfg = Debug|Any CPU
		{595BE5BE-5815-4438-AC0A-85BE8C80DE1D}.Debug|Any CPU.Build.0 = Debug|Any CPU
		{595BE5BE-5815-4438-AC0A-85BE8C80DE1D}.Release|Any CPU.ActiveCfg = Release|Any CPU
		{595BE5BE-5815-4438-AC0A-85BE8C80DE1D}.Release|Any CPU.Build.0 = Release|Any CPU
	EndGlobalSection
	GlobalSection(SolutionProperties) = preSolution
		HideSolutionNode = FALSE
	EndGlobalSection
	GlobalSection(NestedProjects) = preSolution
		{48B77AA8-7759-4D6C-8276-182ACE05549F} = {75B90FFB-8375-4E1E-9DD7-DC32D9688A69}
		{31C5721A-96F2-40DF-948C-3F5DA2C04103} = {75B90FFB-8375-4E1E-9DD7-DC32D9688A69}
		{6BC92D1D-B276-4703-9972-2E1E09B581A6} = {75B90FFB-8375-4E1E-9DD7-DC32D9688A69}
		{EAF9A603-1ED4-4F05-843C-2B7F77496B68} = {75B90FFB-8375-4E1E-9DD7-DC32D9688A69}
		{97FCEB0D-BFCE-47C5-B754-547C5494E1D2} = {75B90FFB-8375-4E1E-9DD7-DC32D9688A69}
		{14D8478B-4B02-47A1-B6F6-EE9A69C9B0C8} = {75B90FFB-8375-4E1E-9DD7-DC32D9688A69}
		{54C88749-3470-4FC7-A128-EF54736D7238} = {75B90FFB-8375-4E1E-9DD7-DC32D9688A69}
		{E947012B-626D-4BDF-8231-CDA280B02557} = {75B90FFB-8375-4E1E-9DD7-DC32D9688A69}
		{DE6A5701-15A3-4574-A41C-0B4CB8EAC915} = {75B90FFB-8375-4E1E-9DD7-DC32D9688A69}
		{6DAED821-B6A8-466C-9572-59FDF6DF4DAB} = {75B90FFB-8375-4E1E-9DD7-DC32D9688A69}
		{356C4FD4-5C9C-4591-8D8E-524342801676} = {5B5FEF36-F64F-4282-9E9E-A4026D8CE62D}
		{5FF1EDEA-79DC-433B-9374-F4EB6B946EC2} = {5B5FEF36-F64F-4282-9E9E-A4026D8CE62D}
		{05182BC9-2176-4342-9D1C-7001A730D887} = {5B5FEF36-F64F-4282-9E9E-A4026D8CE62D}
		{DC690D53-6019-4998-A8ED-3722C651A1E3} = {5B5FEF36-F64F-4282-9E9E-A4026D8CE62D}
		{595BE5BE-5815-4438-AC0A-85BE8C80DE1D} = {5B5FEF36-F64F-4282-9E9E-A4026D8CE62D}
	EndGlobalSection
	GlobalSection(ExtensibilityGlobals) = postSolution
		SolutionGuid = {997D4C06-338E-4BBD-A132-8CFFD143A255}
	EndGlobalSection
EndGlobal
