
Microsoft Visual Studio Solution File, Format Version 12.00
# Visual Studio Version 16
VisualStudioVersion = 16.0.31605.320
MinimumVisualStudioVersion = 10.0.40219.1
Project("{9A19103F-16F7-4668-BE54-9A1E7A4F7556}") = "ThreadDemo", "ThreadDemo\ThreadDemo.csproj", "{1AE9261D-9BE1-4444-B8F3-10A3FEDA8A0D}"
EndProject
Project("{2150E333-8FDC-42A3-9474-1A3956D46DE8}") = "Chapter1", "Chapter1", "{75B90FFB-8375-4E1E-9DD7-DC32D9688A69}"
EndProject
Project("{FAE04EC0-301F-11D3-BF4B-00C04F79EFBC}") = "Recipe2", "Recipe2\Recipe2.csproj", "{48B77AA8-7759-4D6C-8276-182ACE05549F}"
EndProject
Project("{FAE04EC0-301F-11D3-BF4B-00C04F79EFBC}") = "Recipe3", "Recipe3\Recipe3.csproj", "{31C5721A-96F2-40DF-948C-3F5DA2C04103}"
EndProject
Project("{FAE04EC0-301F-11D3-BF4B-00C04F79EFBC}") = "Recipe4", "Recipe4\Recipe4.csproj", "{6BC92D1D-B276-4703-9972-2E1E09B581A6}"
EndProject
Project("{FAE04EC0-301F-11D3-BF4B-00C04F79EFBC}") = "Recipe5", "Recipe5\Recipe5.csproj", "{EAF9A603-1ED4-4F05-843C-2B7F77496B68}"
EndProject
Project("{FAE04EC0-301F-11D3-BF4B-00C04F79EFBC}") = "Reipce6", "Reipce6\Reipce6.csproj", "{97FCEB0D-BFCE-47C5-B754-547C5494E1D2}"
EndProject
Global
	GlobalSection(SolutionConfigurationPlatforms) = preSolution
		Debug|Any CPU = Debug|Any CPU
		Release|Any CPU = Release|Any CPU
	EndGlobalSection
	GlobalSection(ProjectConfigurationPlatforms) = postSolution
		{1AE9261D-9BE1-4444-B8F3-10A3FEDA8A0D}.Debug|Any CPU.ActiveCfg = Debug|Any CPU
		{1AE9261D-9BE1-4444-B8F3-10A3FEDA8A0D}.Debug|Any CPU.Build.0 = Debug|Any CPU
		{1AE9261D-9BE1-4444-B8F3-10A3FEDA8A0D}.Release|Any CPU.ActiveCfg = Release|Any CPU
		{1AE9261D-9BE1-4444-B8F3-10A3FEDA8A0D}.Release|Any CPU.Build.0 = Release|Any CPU
		{48B77AA8-7759-4D6C-8276-182ACE05549F}.Debug|Any CPU.ActiveCfg = Debug|Any CPU
		{48B77AA8-7759-4D6C-8276-182ACE05549F}.Debug|Any CPU.Build.0 = Debug|Any CPU
		{48B77AA8-7759-4D6C-8276-182ACE05549F}.Release|Any CPU.ActiveCfg = Release|Any CPU
		{48B77AA8-7759-4D6C-8276-182ACE05549F}.Release|Any CPU.Build.0 = Release|Any CPU
		{31C5721A-96F2-40DF-948C-3F5DA2C04103}.Debug|Any CPU.ActiveCfg = Debug|Any CPU
		{31C5721A-96F2-40DF-948C-3F5DA2C04103}.Debug|Any CPU.Build.0 = Debug|Any CPU
		{31C5721A-96F2-40DF-948C-3F5DA2C04103}.Release|Any CPU.ActiveCfg = Release|Any CPU
		{31C5721A-96F2-40DF-948C-3F5DA2C04103}.Release|Any CPU.Build.0 = Release|Any CPU
		{6BC92D1D-B276-4703-9972-2E1E09B581A6}.Debug|Any CPU.ActiveCfg = Debug|Any CPU
		{6BC92D1D-B276-4703-9972-2E1E09B581A6}.Debug|Any CPU.Build.0 = Debug|Any CPU
		{6BC92D1D-B276-4703-9972-2E1E09B581A6}.Release|Any CPU.ActiveCfg = Release|Any CPU
		{6BC92D1D-B276-4703-9972-2E1E09B581A6}.Release|Any CPU.Build.0 = Release|Any CPU
		{EAF9A603-1ED4-4F05-843C-2B7F77496B68}.Debug|Any CPU.ActiveCfg = Debug|Any CPU
		{EAF9A603-1ED4-4F05-843C-2B7F77496B68}.Debug|Any CPU.Build.0 = Debug|Any CPU
		{EAF9A603-1ED4-4F05-843C-2B7F77496B68}.Release|Any CPU.ActiveCfg = Release|Any CPU
		{EAF9A603-1ED4-4F05-843C-2B7F77496B68}.Release|Any CPU.Build.0 = Release|Any CPU
		{97FCEB0D-BFCE-47C5-B754-547C5494E1D2}.Debug|Any CPU.ActiveCfg = Debug|Any CPU
		{97FCEB0D-BFCE-47C5-B754-547C5494E1D2}.Debug|Any CPU.Build.0 = Debug|Any CPU
		{97FCEB0D-BFCE-47C5-B754-547C5494E1D2}.Release|Any CPU.ActiveCfg = Release|Any CPU
		{97FCEB0D-BFCE-47C5-B754-547C5494E1D2}.Release|Any CPU.Build.0 = Release|Any CPU
	EndGlobalSection
	GlobalSection(SolutionProperties) = preSolution
		HideSolutionNode = FALSE
	EndGlobalSection
	GlobalSection(NestedProjects) = preSolution
		{48B77AA8-7759-4D6C-8276-182ACE05549F} = {75B90FFB-8375-4E1E-9DD7-DC32D9688A69}
		{31C5721A-96F2-40DF-948C-3F5DA2C04103} = {75B90FFB-8375-4E1E-9DD7-DC32D9688A69}
		{6BC92D1D-B276-4703-9972-2E1E09B581A6} = {75B90FFB-8375-4E1E-9DD7-DC32D9688A69}
		{EAF9A603-1ED4-4F05-843C-2B7F77496B68} = {75B90FFB-8375-4E1E-9DD7-DC32D9688A69}
		{97FCEB0D-BFCE-47C5-B754-547C5494E1D2} = {75B90FFB-8375-4E1E-9DD7-DC32D9688A69}
	EndGlobalSection
	GlobalSection(ExtensibilityGlobals) = postSolution
		SolutionGuid = {997D4C06-338E-4BBD-A132-8CFFD143A255}
	EndGlobalSection
EndGlobal
